PODS:
  - React/Core (0.30.0)
  - React/RCTImage (0.30.0):
    - React/Core
    - React/RCTNetwork
  - React/RCTNetwork (0.30.0):
    - React/Core
  - React/RCTText (0.30.0):
    - React/Core
  - React/RCTWebSocket (0.30.0):
    - React/Core
  - SuperIDRN (0.1.0)

DEPENDENCIES:
  - React/Core (from `../../node_modules/react-native`)
  - React/RCTImage (from `../../node_modules/react-native`)
  - React/RCTNetwork (from `../../node_modules/react-native`)
  - React/RCTText (from `../../node_modules/react-native`)
  - React/RCTWebSocket (from `../../node_modules/react-native`)
  - SuperIDRN (from `../`)

EXTERNAL SOURCES:
  React:
    :path: "../../node_modules/react-native"
  SuperIDRN:
    :path: "../"

SPEC CHECKSUMS:
  React: ed499ad8bb72560821a80fefa59e15a18f3ec75c
  SuperIDRN: 52638edd7e66cd8759d731762e9c5f99637ed73b

PODFILE CHECKSUM: bcd2cf303951ad1408423eeeba83f7d58e6f942f

COCOAPODS: 1.0.1
