// !$*UTF8*$!
{
	archiveVersion = 1;
	classes = {
	};
	objectVersion = 46;
	objects = {

/* Begin PBXBuildFile section */
		CB258D4C1D2368F20002250D /* main.m in Sources */ = {isa = PBXBuildFile; fileRef = CB258D4B1D2368F20002250D /* main.m */; };
		CB258D4F1D2368F20002250D /* AppDelegate.m in Sources */ = {isa = PBXBuildFile; fileRef = CB258D4E1D2368F20002250D /* AppDelegate.m */; };
		CB258D521D2368F20002250D /* ViewController.m in Sources */ = {isa = PBXBuildFile; fileRef = CB258D511D2368F20002250D /* ViewController.m */; };
		CB258D551D2368F20002250D /* Main.storyboard in Resources */ = {isa = PBXBuildFile; fileRef = CB258D531D2368F20002250D /* Main.storyboard */; };
		CB258D571D2368F20002250D /* Assets.xcassets in Resources */ = {isa = PBXBuildFile; fileRef = CB258D561D2368F20002250D /* Assets.xcassets */; };
		CB258D5A1D2368F20002250D /* LaunchScreen.storyboard in Resources */ = {isa = PBXBuildFile; fileRef = CB258D581D2368F20002250D /* LaunchScreen.storyboard */; };
		CB258D631D236DA70002250D /* SuperIDRN.m in Sources */ = {isa = PBXBuildFile; fileRef = CB258D621D236DA70002250D /* SuperIDRN.m */; };
		ED75CB142912596A381F497A /* libPods-SuperID-RN.a in Frameworks */ = {isa = PBXBuildFile; fileRef = E3FB46B177A9564E7A11E0FF /* libPods-SuperID-RN.a */; };
/* End PBXBuildFile section */

/* Begin PBXFileReference section */
		3420B9D173A11E2F3D6C14C4 /* Pods-SuperID-RN.release.xcconfig */ = {isa = PBXFileReference; includeInIndex = 1; lastKnownFileType = text.xcconfig; name = "Pods-SuperID-RN.release.xcconfig"; path = "Pods/Target Support Files/Pods-SuperID-RN/Pods-SuperID-RN.release.xcconfig"; sourceTree = "<group>"; };
		CB258D471D2368F20002250D /* SuperID-RN.app */ = {isa = PBXFileReference; explicitFileType = wrapper.application; includeInIndex = 0; path = "SuperID-RN.app"; sourceTree = BUILT_PRODUCTS_DIR; };
		CB258D4B1D2368F20002250D /* main.m */ = {isa = PBXFileReference; lastKnownFileType = sourcecode.c.objc; path = main.m; sourceTree = "<group>"; };
		CB258D4D1D2368F20002250D /* AppDelegate.h */ = {isa = PBXFileReference; lastKnownFileType = sourcecode.c.h; path = AppDelegate.h; sourceTree = "<group>"; };
		CB258D4E1D2368F20002250D /* AppDelegate.m */ = {isa = PBXFileReference; lastKnownFileType = sourcecode.c.objc; path = AppDelegate.m; sourceTree = "<group>"; };
		CB258D501D2368F20002250D /* ViewController.h */ = {isa = PBXFileReference; lastKnownFileType = sourcecode.c.h; path = ViewController.h; sourceTree = "<group>"; };
		CB258D511D2368F20002250D /* ViewController.m */ = {isa = PBXFileReference; lastKnownFileType = sourcecode.c.objc; path = ViewController.m; sourceTree = "<group>"; };
		CB258D541D2368F20002250D /* Base */ = {isa = PBXFileReference; lastKnownFileType = file.storyboard; name = Base; path = Base.lproj/Main.storyboard; sourceTree = "<group>"; };
		CB258D561D2368F20002250D /* Assets.xcassets */ = {isa = PBXFileReference; lastKnownFileType = folder.assetcatalog; path = Assets.xcassets; sourceTree = "<group>"; };
		CB258D591D2368F20002250D /* Base */ = {isa = PBXFileReference; lastKnownFileType = file.storyboard; name = Base; path = Base.lproj/LaunchScreen.storyboard; sourceTree = "<group>"; };
		CB258D5B1D2368F20002250D /* Info.plist */ = {isa = PBXFileReference; lastKnownFileType = text.plist.xml; path = Info.plist; sourceTree = "<group>"; };
		CB258D611D236DA70002250D /* SuperIDRN.h */ = {isa = PBXFileReference; fileEncoding = 4; lastKnownFileType = sourcecode.c.h; name = SuperIDRN.h; path = SuperIDRN/SuperIDRN.h; sourceTree = "<group>"; };
		CB258D621D236DA70002250D /* SuperIDRN.m */ = {isa = PBXFileReference; fileEncoding = 4; lastKnownFileType = sourcecode.c.objc; name = SuperIDRN.m; path = SuperIDRN/SuperIDRN.m; sourceTree = "<group>"; };
		E3FB46B177A9564E7A11E0FF /* libPods-SuperID-RN.a */ = {isa = PBXFileReference; explicitFileType = archive.ar; includeInIndex = 0; path = "libPods-SuperID-RN.a"; sourceTree = BUILT_PRODUCTS_DIR; };
		F1F272B441E71E0AC93991F4 /* Pods-SuperID-RN.debug.xcconfig */ = {isa = PBXFileReference; includeInIndex = 1; lastKnownFileType = text.xcconfig; name = "Pods-SuperID-RN.debug.xcconfig"; path = "Pods/Target Support Files/Pods-SuperID-RN/Pods-SuperID-RN.debug.xcconfig"; sourceTree = "<group>"; };
/* End PBXFileReference section */

/* Begin PBXFrameworksBuildPhase section */
		CB258D441D2368F20002250D /* Frameworks */ = {
			isa = PBXFrameworksBuildPhase;
			buildActionMask = 2147483647;
			files = (
				ED75CB142912596A381F497A /* libPods-SuperID-RN.a in Frameworks */,
			);
			runOnlyForDeploymentPostprocessing = 0;
		};
/* End PBXFrameworksBuildPhase section */

/* Begin PBXGroup section */
		084E00D71B665C9AE1B76956 /* Frameworks */ = {
			isa = PBXGroup;
			children = (
				E3FB46B177A9564E7A11E0FF /* libPods-SuperID-RN.a */,
			);
			name = Frameworks;
			sourceTree = "<group>";
		};
		8BED71CE98421EB40267A4BF /* Pods */ = {
			isa = PBXGroup;
			children = (
				F1F272B441E71E0AC93991F4 /* Pods-SuperID-RN.debug.xcconfig */,
				3420B9D173A11E2F3D6C14C4 /* Pods-SuperID-RN.release.xcconfig */,
			);
			name = Pods;
			sourceTree = "<group>";
		};
		CB258D3E1D2368F20002250D = {
			isa = PBXGroup;
			children = (
				CB258D641D236DAB0002250D /* SuperIDRN */,
				CB258D491D2368F20002250D /* SuperID-RN */,
				CB258D481D2368F20002250D /* Products */,
				8BED71CE98421EB40267A4BF /* Pods */,
				084E00D71B665C9AE1B76956 /* Frameworks */,
			);
			sourceTree = "<group>";
		};
		CB258D481D2368F20002250D /* Products */ = {
			isa = PBXGroup;
			children = (
				CB258D471D2368F20002250D /* SuperID-RN.app */,
			);
			name = Products;
			sourceTree = "<group>";
		};
		CB258D491D2368F20002250D /* SuperID-RN */ = {
			isa = PBXGroup;
			children = (
				CB258D4D1D2368F20002250D /* AppDelegate.h */,
				CB258D4E1D2368F20002250D /* AppDelegate.m */,
				CB258D501D2368F20002250D /* ViewController.h */,
				CB258D511D2368F20002250D /* ViewController.m */,
				CB258D531D2368F20002250D /* Main.storyboard */,
				CB258D561D2368F20002250D /* Assets.xcassets */,
				CB258D581D2368F20002250D /* LaunchScreen.storyboard */,
				CB258D5B1D2368F20002250D /* Info.plist */,
				CB258D4A1D2368F20002250D /* Supporting Files */,
			);
			path = "SuperID-RN";
			sourceTree = "<group>";
		};
		CB258D4A1D2368F20002250D /* Supporting Files */ = {
			isa = PBXGroup;
			children = (
				CB258D4B1D2368F20002250D /* main.m */,
			);
			name = "Supporting Files";
			sourceTree = "<group>";
		};
		CB258D641D236DAB0002250D /* SuperIDRN */ = {
			isa = PBXGroup;
			children = (
				CB258D611D236DA70002250D /* SuperIDRN.h */,
				CB258D621D236DA70002250D /* SuperIDRN.m */,
			);
			name = SuperIDRN;
			sourceTree = "<group>";
		};
/* End PBXGroup section */

/* Begin PBXNativeTarget section */
		CB258D461D2368F20002250D /* SuperID-RN */ = {
			isa = PBXNativeTarget;
			buildConfigurationList = CB258D5E1D2368F20002250D /* Build configuration list for PBXNativeTarget "SuperID-RN" */;
			buildPhases = (
				A3712AC167EC3B14A1B9DF53 /* [CP] Check Pods Manifest.lock */,
				CB258D431D2368F20002250D /* Sources */,
				CB258D441D2368F20002250D /* Frameworks */,
				CB258D451D2368F20002250D /* Resources */,
				9CDEEAA6FFEB6F067416DBE4 /* [CP] Embed Pods Frameworks */,
				AD88BDEB0D075DBF4FCDC188 /* [CP] Copy Pods Resources */,
			);
			buildRules = (
			);
			dependencies = (
			);
			name = "SuperID-RN";
			productName = "SuperID-RN";
			productReference = CB258D471D2368F20002250D /* SuperID-RN.app */;
			productType = "com.apple.product-type.application";
		};
/* End PBXNativeTarget section */

/* Begin PBXProject section */
		CB258D3F1D2368F20002250D /* Project object */ = {
			isa = PBXProject;
			attributes = {
				LastUpgradeCheck = 0730;
				ORGANIZATIONNAME = Yourtion;
				TargetAttributes = {
					CB258D461D2368F20002250D = {
						CreatedOnToolsVersion = 7.3.1;
					};
				};
			};
			buildConfigurationList = CB258D421D2368F20002250D /* Build configuration list for PBXProject "SuperID-RN" */;
			compatibilityVersion = "Xcode 3.2";
			developmentRegion = English;
			hasScannedForEncodings = 0;
			knownRegions = (
				en,
				Base,
			);
			mainGroup = CB258D3E1D2368F20002250D;
			productRefGroup = CB258D481D2368F20002250D /* Products */;
			projectDirPath = "";
			projectRoot = "";
			targets = (
				CB258D461D2368F20002250D /* SuperID-RN */,
			);
		};
/* End PBXProject section */

/* Begin PBXResourcesBuildPhase section */
		CB258D451D2368F20002250D /* Resources */ = {
			isa = PBXResourcesBuildPhase;
			buildActionMask = 2147483647;
			files = (
				CB258D5A1D2368F20002250D /* LaunchScreen.storyboard in Resources */,
				CB258D571D2368F20002250D /* Assets.xcassets in Resources */,
				CB258D551D2368F20002250D /* Main.storyboard in Resources */,
			);
			runOnlyForDeploymentPostprocessing = 0;
		};
/* End PBXResourcesBuildPhase section */

/* Begin PBXShellScriptBuildPhase section */
		9CDEEAA6FFEB6F067416DBE4 /* [CP] Embed Pods Frameworks */ = {
			isa = PBXShellScriptBuildPhase;
			buildActionMask = 2147483647;
			files = (
			);
			inputPaths = (
			);
			name = "[CP] Embed Pods Frameworks";
			outputPaths = (
			);
			runOnlyForDeploymentPostprocessing = 0;
			shellPath = /bin/sh;
			shellScript = "\"${SRCROOT}/Pods/Target Support Files/Pods-SuperID-RN/Pods-SuperID-RN-frameworks.sh\"\n";
			showEnvVarsInLog = 0;
		};
		A3712AC167EC3B14A1B9DF53 /* [CP] Check Pods Manifest.lock */ = {
			isa = PBXShellScriptBuildPhase;
			buildActionMask = 2147483647;
			files = (
			);
			inputPaths = (
			);
			name = "[CP] Check Pods Manifest.lock";
			outputPaths = (
			);
			runOnlyForDeploymentPostprocessing = 0;
			shellPath = /bin/sh;
			shellScript = "diff \"${PODS_ROOT}/../Podfile.lock\" \"${PODS_ROOT}/Manifest.lock\" > /dev/null\nif [[ $? != 0 ]] ; then\n    cat << EOM\nerror: The sandbox is not in sync with the Podfile.lock. Run 'pod install' or update your CocoaPods installation.\nEOM\n    exit 1\nfi\n";
			showEnvVarsInLog = 0;
		};
		AD88BDEB0D075DBF4FCDC188 /* [CP] Copy Pods Resources */ = {
			isa = PBXShellScriptBuildPhase;
			buildActionMask = 2147483647;
			files = (
			);
			inputPaths = (
			);
			name = "[CP] Copy Pods Resources";
			outputPaths = (
			);
			runOnlyForDeploymentPostprocessing = 0;
			shellPath = /bin/sh;
			shellScript = "\"${SRCROOT}/Pods/Target Support Files/Pods-SuperID-RN/Pods-SuperID-RN-resources.sh\"\n";
			showEnvVarsInLog = 0;
		};
/* End PBXShellScriptBuildPhase section */

/* Begin PBXSourcesBuildPhase section */
		CB258D431D2368F20002250D /* Sources */ = {
			isa = PBXSourcesBuildPhase;
			buildActionMask = 2147483647;
			files = (
				CB258D521D2368F20002250D /* ViewController.m in Sources */,
				CB258D4F1D2368F20002250D /* AppDelegate.m in Sources */,
				CB258D631D236DA70002250D /* SuperIDRN.m in Sources */,
				CB258D4C1D2368F20002250D /* main.m in Sources */,
			);
			runOnlyForDeploymentPostprocessing = 0;
		};
/* End PBXSourcesBuildPhase section */

/* Begin PBXVariantGroup section */
		CB258D531D2368F20002250D /* Main.storyboard */ = {
			isa = PBXVariantGroup;
			children = (
				CB258D541D2368F20002250D /* Base */,
			);
			name = Main.storyboard;
			sourceTree = "<group>";
		};
		CB258D581D2368F20002250D /* LaunchScreen.storyboard */ = {
			isa = PBXVariantGroup;
			children = (
				CB258D591D2368F20002250D /* Base */,
			);
			name = LaunchScreen.storyboard;
			sourceTree = "<group>";
		};
/* End PBXVariantGroup section */

/* Begin XCBuildConfiguration section */
		CB258D5C1D2368F20002250D /* Debug */ = {
			isa = XCBuildConfiguration;
			buildSettings = {
				ALWAYS_SEARCH_USER_PATHS = NO;
				CLANG_ANALYZER_NONNULL = YES;
				CLANG_CXX_LANGUAGE_STANDARD = "gnu++0x";
				CLANG_CXX_LIBRARY = "libc++";
				CLANG_ENABLE_MODULES = YES;
				CLANG_ENABLE_OBJC_ARC = YES;
				CLANG_WARN_BOOL_CONVERSION = YES;
				CLANG_WARN_CONSTANT_CONVERSION = YES;
				CLANG_WARN_DIRECT_OBJC_ISA_USAGE = YES_ERROR;
				CLANG_WARN_EMPTY_BODY = YES;
				CLANG_WARN_ENUM_CONVERSION = YES;
				CLANG_WARN_INT_CONVERSION = YES;
				CLANG_WARN_OBJC_ROOT_CLASS = YES_ERROR;
				CLANG_WARN_UNREACHABLE_CODE = YES;
				CLANG_WARN__DUPLICATE_METHOD_MATCH = YES;
				"CODE_SIGN_IDENTITY[sdk=iphoneos*]" = "iPhone Developer";
				COPY_PHASE_STRIP = NO;
				DEBUG_INFORMATION_FORMAT = dwarf;
				ENABLE_STRICT_OBJC_MSGSEND = YES;
				ENABLE_TESTABILITY = YES;
				GCC_C_LANGUAGE_STANDARD = gnu99;
				GCC_DYNAMIC_NO_PIC = NO;
				GCC_NO_COMMON_BLOCKS = YES;
				GCC_OPTIMIZATION_LEVEL = 0;
				GCC_PREPROCESSOR_DEFINITIONS = (
					"DEBUG=1",
					"$(inherited)",
				);
				GCC_WARN_64_TO_32_BIT_CONVERSION = YES;
				GCC_WARN_ABOUT_RETURN_TYPE = YES_ERROR;
				GCC_WARN_UNDECLARED_SELECTOR = YES;
				GCC_WARN_UNINITIALIZED_AUTOS = YES_AGGRESSIVE;
				GCC_WARN_UNUSED_FUNCTION = YES;
				GCC_WARN_UNUSED_VARIABLE = YES;
				IPHONEOS_DEPLOYMENT_TARGET = 9.3;
				MTL_ENABLE_DEBUG_INFO = YES;
				ONLY_ACTIVE_ARCH = YES;
				SDKROOT = iphoneos;
			};
			name = Debug;
		};
		CB258D5D1D2368F20002250D /* Release */ = {
			isa = XCBuildConfiguration;
			buildSettings = {
				ALWAYS_SEARCH_USER_PATHS = NO;
				CLANG_ANALYZER_NONNULL = YES;
				CLANG_CXX_LANGUAGE_STANDARD = "gnu++0x";
				CLANG_CXX_LIBRARY = "libc++";
				CLANG_ENABLE_MODULES = YES;
				CLANG_ENABLE_OBJC_ARC = YES;
				CLANG_WARN_BOOL_CONVERSION = YES;
				CLANG_WARN_CONSTANT_CONVERSION = YES;
				CLANG_WARN_DIRECT_OBJC_ISA_USAGE = YES_ERROR;
				CLANG_WARN_EMPTY_BODY = YES;
				CLANG_WARN_ENUM_CONVERSION = YES;
				CLANG_WARN_INT_CONVERSION = YES;
				CLANG_WARN_OBJC_ROOT_CLASS = YES_ERROR;
				CLANG_WARN_UNREACHABLE_CODE = YES;
				CLANG_WARN__DUPLICATE_METHOD_MATCH = YES;
				"CODE_SIGN_IDENTITY[sdk=iphoneos*]" = "iPhone Developer";
				COPY_PHASE_STRIP = NO;
				DEBUG_INFORMATION_FORMAT = "dwarf-with-dsym";
				ENABLE_NS_ASSERTIONS = NO;
				ENABLE_STRICT_OBJC_MSGSEND = YES;
				GCC_C_LANGUAGE_STANDARD = gnu99;
				GCC_NO_COMMON_BLOCKS = YES;
				GCC_WARN_64_TO_32_BIT_CONVERSION = YES;
				GCC_WARN_ABOUT_RETURN_TYPE = YES_ERROR;
				GCC_WARN_UNDECLARED_SELECTOR = YES;
				GCC_WARN_UNINITIALIZED_AUTOS = YES_AGGRESSIVE;
				GCC_WARN_UNUSED_FUNCTION = YES;
				GCC_WARN_UNUSED_VARIABLE = YES;
				IPHONEOS_DEPLOYMENT_TARGET = 9.3;
				MTL_ENABLE_DEBUG_INFO = NO;
				SDKROOT = iphoneos;
				VALIDATE_PRODUCT = YES;
			};
			name = Release;
		};
		CB258D5F1D2368F20002250D /* Debug */ = {
			isa = XCBuildConfiguration;
			baseConfigurationReference = F1F272B441E71E0AC93991F4 /* Pods-SuperID-RN.debug.xcconfig */;
			buildSettings = {
				ASSETCATALOG_COMPILER_APPICON_NAME = AppIcon;
				ENABLE_BITCODE = NO;
				INFOPLIST_FILE = "SuperID-RN/Info.plist";
				LD_RUNPATH_SEARCH_PATHS = "$(inherited) @executable_path/Frameworks";
				PRODUCT_BUNDLE_IDENTIFIER = com.yourtion.ReactNativeSuperID;
				PRODUCT_NAME = "$(TARGET_NAME)";
			};
			name = Debug;
		};
		CB258D601D2368F20002250D /* Release */ = {
			isa = XCBuildConfiguration;
			baseConfigurationReference = 3420B9D173A11E2F3D6C14C4 /* Pods-SuperID-RN.release.xcconfig */;
			buildSettings = {
				ASSETCATALOG_COMPILER_APPICON_NAME = AppIcon;
				ENABLE_BITCODE = NO;
				INFOPLIST_FILE = "SuperID-RN/Info.plist";
				LD_RUNPATH_SEARCH_PATHS = "$(inherited) @executable_path/Frameworks";
				PRODUCT_BUNDLE_IDENTIFIER = com.yourtion.ReactNativeSuperID;
				PRODUCT_NAME = "$(TARGET_NAME)";
			};
			name = Release;
		};
/* End XCBuildConfiguration section */

/* Begin XCConfigurationList section */
		CB258D421D2368F20002250D /* Build configuration list for PBXProject "SuperID-RN" */ = {
			isa = XCConfigurationList;
			buildConfigurations = (
				CB258D5C1D2368F20002250D /* Debug */,
				CB258D5D1D2368F20002250D /* Release */,
			);
			defaultConfigurationIsVisible = 0;
			defaultConfigurationName = Release;
		};
		CB258D5E1D2368F20002250D /* Build configuration list for PBXNativeTarget "SuperID-RN" */ = {
			isa = XCConfigurationList;
			buildConfigurations = (
				CB258D5F1D2368F20002250D /* Debug */,
				CB258D601D2368F20002250D /* Release */,
			);
			defaultConfigurationIsVisible = 0;
			defaultConfigurationName = Release;
		};
/* End XCConfigurationList section */
	};
	rootObject = CB258D3F1D2368F20002250D /* Project object */;
}
