PODS:
  - React/Core (0.28.0)
  - React/RCTImage (0.28.0):
    - React/Core
    - React/RCTNetwork
  - React/RCTNetwork (0.28.0):
    - React/Core
  - React/RCTText (0.28.0):
    - React/Core
  - React/RCTWebSocket (0.28.0):
    - React/Core

DEPENDENCIES:
  - React/Core (from `../node_modules/react-native`)
  - React/RCTImage (from `../node_modules/react-native`)
  - React/RCTNetwork (from `../node_modules/react-native`)
  - React/RCTText (from `../node_modules/react-native`)
  - React/RCTWebSocket (from `../node_modules/react-native`)

EXTERNAL SOURCES:
  React:
    :path: "../node_modules/react-native"

SPEC CHECKSUMS:
  React: 43544faed4af6a0e8fbc4b3abd26141ed654fa49

PODFILE CHECKSUM: 5071b01f1642f3358a3066a4264dad9c945e1b77

COCOAPODS: 1.0.1
